
Microsoft Visual Studio Solution File, Format Version 12.00
# Visual Studio Version 16
VisualStudioVersion = 16.0.29215.179
MinimumVisualStudioVersion = 10.0.40219.1
Project("{FAE04EC0-301F-11D3-BF4B-00C04F79EFBC}") = "Demo.WPF.DataBinding", "Demo.WPF.DataBinding\Demo.WPF.DataBinding.csproj", "{D5D8D520-852A-4D57-9985-CF2324E0626E}"
EndProject
Global
	GlobalSection(SolutionConfigurationPlatforms) = preSolution
		Debug|Any CPU = Debug|Any CPU
		Release|Any CPU = Release|Any CPU
	EndGlobalSection
	GlobalSection(ProjectConfigurationPlatforms) = postSolution
		{D5D8D520-852A-4D57-9985-CF2324E0626E}.Debug|Any CPU.ActiveCfg = Debug|Any CPU
		{D5D8D520-852A-4D57-9985-CF2324E0626E}.Debug|Any CPU.Build.0 = Debug|Any CPU
		{D5D8D520-852A-4D57-9985-CF2324E0626E}.Release|Any CPU.ActiveCfg = Release|Any CPU
		{D5D8D520-852A-4D57-9985-CF2324E0626E}.Release|Any CPU.Build.0 = Release|Any CPU
	EndGlobalSection
	GlobalSection(SolutionProperties) = preSolution
		HideSolutionNode = FALSE
	EndGlobalSection
	GlobalSection(ExtensibilityGlobals) = postSolution
		SolutionGuid = {49C7F654-C12A-45AF-9A9B-ABF8920BBC9F}
	EndGlobalSection
EndGlobal
